
Microsoft Visual Studio Solution File, Format Version 12.00
# Visual Studio Version 17
VisualStudioVersion = 17.6.33801.468
MinimumVisualStudioVersion = 10.0.40219.1
Project("{9A19103F-16F7-4668-BE54-9A1E7A4F7556}") = "Aiml.NET", "Aiml.NET\Aiml.NET.csproj", "{EFF5AF56-AC06-4488-A087-07154D8AAB66}"
EndProject
Project("{FAE04EC0-301F-11D3-BF4B-00C04F79EFBC}") = "Aiml.NET.Tests", "Aiml.NET.Tests\Aiml.NET.Tests.csproj", "{58CBC830-915E-4EBC-98A3-FA193D8585DD}"
EndProject
Project("{FAE04EC0-301F-11D3-BF4B-00C04F79EFBC}") = "Aiml.NET.XChatBot", "Aiml.NET.XChatBot\Aiml.NET.XChatBot.csproj", "{FB85493C-4AD9-469B-B3F1-0DCE2D89FDB8}"
EndProject
Global
	GlobalSection(SolutionConfigurationPlatforms) = preSolution
		Debug|Any CPU = Debug|Any CPU
		Release|Any CPU = Release|Any CPU
	EndGlobalSection
	GlobalSection(ProjectConfigurationPlatforms) = postSolution
		{EFF5AF56-AC06-4488-A087-07154D8AAB66}.Debug|Any CPU.ActiveCfg = Debug|Any CPU
		{EFF5AF56-AC06-4488-A087-07154D8AAB66}.Debug|Any CPU.Build.0 = Debug|Any CPU
		{EFF5AF56-AC06-4488-A087-07154D8AAB66}.Release|Any CPU.ActiveCfg = Release|Any CPU
		{EFF5AF56-AC06-4488-A087-07154D8AAB66}.Release|Any CPU.Build.0 = Release|Any CPU
		{58CBC830-915E-4EBC-98A3-FA193D8585DD}.Debug|Any CPU.ActiveCfg = Debug|Any CPU
		{58CBC830-915E-4EBC-98A3-FA193D8585DD}.Debug|Any CPU.Build.0 = Debug|Any CPU
		{58CBC830-915E-4EBC-98A3-FA193D8585DD}.Release|Any CPU.ActiveCfg = Release|Any CPU
		{58CBC830-915E-4EBC-98A3-FA193D8585DD}.Release|Any CPU.Build.0 = Release|Any CPU
		{FB85493C-4AD9-469B-B3F1-0DCE2D89FDB8}.Debug|Any CPU.ActiveCfg = Debug|Any CPU
		{FB85493C-4AD9-469B-B3F1-0DCE2D89FDB8}.Debug|Any CPU.Build.0 = Debug|Any CPU
		{FB85493C-4AD9-469B-B3F1-0DCE2D89FDB8}.Release|Any CPU.ActiveCfg = Release|Any CPU
		{FB85493C-4AD9-469B-B3F1-0DCE2D89FDB8}.Release|Any CPU.Build.0 = Release|Any CPU
	EndGlobalSection
	GlobalSection(SolutionProperties) = preSolution
		HideSolutionNode = FALSE
	EndGlobalSection
	GlobalSection(ExtensibilityGlobals) = postSolution
		SolutionGuid = {53BADE97-768F-4FC5-BC9C-73C9D2F8CB59}
	EndGlobalSection
EndGlobal
